
Microsoft Visual Studio Solution File, Format Version 12.00
# Visual Studio Version 17
VisualStudioVersion = 17.6.33829.357
MinimumVisualStudioVersion = 10.0.40219.1
Project("{9A19103F-16F7-4668-BE54-9A1E7A4F7556}") = "BillApiArchitecture", "BillApiArchitecture.csproj", "{3C5162C3-1626-46A7-97C5-31352CCFB4A7}"
EndProject
Global
	GlobalSection(SolutionConfigurationPlatforms) = preSolution
		Debug|Any CPU = Debug|Any CPU
		Release|Any CPU = Release|Any CPU
	EndGlobalSection
	GlobalSection(ProjectConfigurationPlatforms) = postSolution
		{3C5162C3-1626-46A7-97C5-31352CCFB4A7}.Debug|Any CPU.ActiveCfg = Debug|Any CPU
		{3C5162C3-1626-46A7-97C5-31352CCFB4A7}.Debug|Any CPU.Build.0 = Debug|Any CPU
		{3C5162C3-1626-46A7-97C5-31352CCFB4A7}.Release|Any CPU.ActiveCfg = Release|Any CPU
		{3C5162C3-1626-46A7-97C5-31352CCFB4A7}.Release|Any CPU.Build.0 = Release|Any CPU
	EndGlobalSection
	GlobalSection(SolutionProperties) = preSolution
		HideSolutionNode = FALSE
	EndGlobalSection
	GlobalSection(ExtensibilityGlobals) = postSolution
		SolutionGuid = {8ABC89E4-7D31-41C2-B888-9C6E7A081B93}
	EndGlobalSection
EndGlobal
